{
  "version": 4,
  "terraform_version": "1.6.4",
  "serial": 16,
  "lineage": "4296bade-1114-1f23-8864-fdcf722f4dda",
  "outputs": {},
  "resources": [
    {
      "mode": "data",
      "type": "google_firebase_web_app_config",
      "name": "example",
      "provider": "provider[\"registry.terraform.io/hashicorp/google-beta\"]",
      "instances": [
        {
          "schema_version": 0,
          "attributes": {
            "api_key": "AIzaSyC0-2JWRijFQmm3EMlxZ0yVrJkduqIgySM",
            "auth_domain": "sample-firebase-ai-app-5443a.firebaseapp.com",
            "database_url": "",
            "id": "1:867561548959:web:68927de5ba46f659bb46aa",
            "location_id": "",
            "measurement_id": "",
            "messaging_sender_id": "867561548959",
            "project": "sample-firebase-ai-app-5443a",
            "storage_bucket": "sample-firebase-ai-app-5443a.appspot.com",
            "web_app_id": "1:867561548959:web:68927de5ba46f659bb46aa"
          },
          "sensitive_attributes": []
        }
      ]
    },
    {
      "mode": "data",
      "type": "google_project",
      "name": "project",
      "provider": "provider[\"registry.terraform.io/hashicorp/google-beta\"]",
      "instances": [
        {
          "schema_version": 0,
          "attributes": {
            "auto_create_network": null,
            "billing_account": null,
            "deletion_policy": "DELETE",
            "effective_labels": {
              "firebase": "enabled"
            },
            "folder_id": null,
            "id": "projects/sample-firebase-ai-app-5443a",
            "labels": {
              "firebase": "enabled"
            },
            "name": "Sample Firebase AI App",
            "number": "867561548959",
            "org_id": null,
            "project_id": "sample-firebase-ai-app-5443a",
            "skip_delete": null,
            "terraform_labels": {
              "firebase": "enabled"
            }
          },
          "sensitive_attributes": []
        }
      ]
    },
    {
      "mode": "managed",
      "type": "google_apikeys_key",
      "name": "generativelanguage",
      "provider": "provider[\"registry.terraform.io/hashicorp/google-beta\"]",
      "instances": [
        {
          "schema_version": 0,
          "attributes": {
            "display_name": "Gemini API Key",
            "id": "projects/sample-firebase-ai-app-5443a/locations/global/keys/gemini-api-key",
            "key_string": "AIzaSyDzFnCnlEHeZkn4c0qL4KbcRnlbOPsq3_o",
            "name": "gemini-api-key",
            "project": "sample-firebase-ai-app-5443a",
            "restrictions": [
              {
                "android_key_restrictions": [],
                "api_targets": [
                  {
                    "methods": null,
                    "service": "generativelanguage.googleapis.com"
                  }
                ],
                "browser_key_restrictions": [
                  {
                    "allowed_referrers": [
                      "*"
                    ]
                  }
                ],
                "ios_key_restrictions": [],
                "server_key_restrictions": []
              }
            ],
            "timeouts": null,
            "uid": "02248ee1-0a3f-46ce-957d-f45cc20cfbd8"
          },
          "sensitive_attributes": [],
          "private": "eyJlMmJmYjczMC1lY2FhLTExZTYtOGY4OC0zNDM2M2JjN2M0YzAiOnsiY3JlYXRlIjoxMjAwMDAwMDAwMDAwLCJkZWxldGUiOjEyMDAwMDAwMDAwMDAsInVwZGF0ZSI6MTIwMDAwMDAwMDAwMH19",
          "dependencies": [
            "google_project_service.services"
          ]
        }
      ]
    },
    {
      "mode": "managed",
      "type": "google_firebase_web_app",
      "name": "example",
      "provider": "provider[\"registry.terraform.io/hashicorp/google-beta\"]",
      "instances": [
        {
          "schema_version": 0,
          "attributes": {
            "api_key_id": "ef416c07-e24e-47a5-a8f3-3744c09ee243",
            "app_id": "1:867561548959:web:68927de5ba46f659bb46aa",
            "app_urls": [],
            "deletion_policy": "DELETE",
            "display_name": "Make It So AI!",
            "id": "projects/sample-firebase-ai-app-5443a/webApps/1:867561548959:web:68927de5ba46f659bb46aa",
            "name": "projects/sample-firebase-ai-app-5443a/webApps/1:867561548959:web:68927de5ba46f659bb46aa",
            "project": "sample-firebase-ai-app-5443a",
            "timeouts": null
          },
          "sensitive_attributes": [],
          "private": "eyJlMmJmYjczMC1lY2FhLTExZTYtOGY4OC0zNDM2M2JjN2M0YzAiOnsiY3JlYXRlIjoxMjAwMDAwMDAwMDAwLCJkZWxldGUiOjEyMDAwMDAwMDAwMDAsInVwZGF0ZSI6MTIwMDAwMDAwMDAwMH19"
        }
      ]
    },
    {
      "mode": "managed",
      "type": "google_firebaserules_release",
      "name": "firestore",
      "provider": "provider[\"registry.terraform.io/hashicorp/google-beta\"]",
      "instances": [
        {
          "schema_version": 0,
          "attributes": {
            "create_time": "2024-09-16T12:57:23.606485Z",
            "disabled": false,
            "id": "projects/sample-firebase-ai-app-5443a/releases/cloud.firestore",
            "name": "cloud.firestore",
            "project": "sample-firebase-ai-app-5443a",
            "ruleset_name": "8252d869-fc70-42f1-a196-27f0e3c4e82f",
            "timeouts": null,
            "update_time": "2024-09-16T12:57:23.606485Z"
          },
          "sensitive_attributes": [],
          "private": "eyJlMmJmYjczMC1lY2FhLTExZTYtOGY4OC0zNDM2M2JjN2M0YzAiOnsiY3JlYXRlIjoxMjAwMDAwMDAwMDAwLCJkZWxldGUiOjEyMDAwMDAwMDAwMDB9fQ==",
          "dependencies": [
            "google_firebaserules_ruleset.firestore",
            "google_firestore_database.database",
            "google_project_service.services",
            "local_file.firestore_rules"
          ]
        }
      ]
    },
    {
      "mode": "managed",
      "type": "google_firebaserules_ruleset",
      "name": "firestore",
      "provider": "provider[\"registry.terraform.io/hashicorp/google-beta\"]",
      "instances": [
        {
          "schema_version": 0,
          "attributes": {
            "create_time": "2024-09-16T12:57:18.763989Z",
            "id": "projects/sample-firebase-ai-app-5443a/rulesets/8252d869-fc70-42f1-a196-27f0e3c4e82f",
            "metadata": [
              {
                "services": [
                  "cloud.firestore"
                ]
              }
            ],
            "name": "8252d869-fc70-42f1-a196-27f0e3c4e82f",
            "project": "sample-firebase-ai-app-5443a",
            "source": [
              {
                "files": [
                  {
                    "content": "service cloud.firestore {\n  match /databases/{database}/documents/{document=**} {\n    allow read, write: if request.auth != null \u0026\u0026 request.time \u003c timestamp.date(2024, 10, 16);\n  }\n}\n",
                    "fingerprint": "",
                    "name": "firestore.rules"
                  }
                ],
                "language": ""
              }
            ],
            "timeouts": null
          },
          "sensitive_attributes": [],
          "private": "eyJlMmJmYjczMC1lY2FhLTExZTYtOGY4OC0zNDM2M2JjN2M0YzAiOnsiY3JlYXRlIjoxMjAwMDAwMDAwMDAwLCJkZWxldGUiOjEyMDAwMDAwMDAwMDB9fQ==",
          "dependencies": [
            "google_firestore_database.database",
            "google_project_service.services",
            "local_file.firestore_rules"
          ]
        }
      ]
    },
    {
      "mode": "managed",
      "type": "google_firestore_database",
      "name": "database",
      "provider": "provider[\"registry.terraform.io/hashicorp/google-beta\"]",
      "instances": [
        {
          "schema_version": 0,
          "attributes": {
            "app_engine_integration_mode": "DISABLED",
            "cmek_config": [],
            "concurrency_mode": "PESSIMISTIC",
            "create_time": "",
            "delete_protection_state": "DELETE_PROTECTION_DISABLED",
            "deletion_policy": "ABANDON",
            "earliest_version_time": "2024-09-16T12:57:05.712836Z",
            "etag": "IIrN5ObBx4gDMMTVjOHBx4gD",
            "id": "projects/sample-firebase-ai-app-5443a/databases/(default)",
            "key_prefix": "",
            "location_id": "nam5",
            "name": "(default)",
            "point_in_time_recovery_enablement": "POINT_IN_TIME_RECOVERY_DISABLED",
            "project": "sample-firebase-ai-app-5443a",
            "timeouts": null,
            "type": "FIRESTORE_NATIVE",
            "uid": "fa07b642-e1c8-4d99-a74e-34b880eb7e63",
            "update_time": "",
            "version_retention_period": "3600s"
          },
          "sensitive_attributes": [],
          "private": "eyJlMmJmYjczMC1lY2FhLTExZTYtOGY4OC0zNDM2M2JjN2M0YzAiOnsiY3JlYXRlIjoxMjAwMDAwMDAwMDAwLCJkZWxldGUiOjEyMDAwMDAwMDAwMDAsInVwZGF0ZSI6MTIwMDAwMDAwMDAwMH19",
          "dependencies": [
            "google_project_service.services"
          ]
        }
      ]
    },
    {
      "mode": "managed",
      "type": "google_project_service",
      "name": "services",
      "provider": "provider[\"registry.terraform.io/hashicorp/google-beta\"]",
      "instances": [
        {
          "index_key": "apikeys.googleapis.com",
          "schema_version": 0,
          "attributes": {
            "check_if_service_has_usage_on_destroy": false,
            "disable_dependent_services": null,
            "disable_on_destroy": false,
            "id": "sample-firebase-ai-app-5443a/apikeys.googleapis.com",
            "project": "sample-firebase-ai-app-5443a",
            "service": "apikeys.googleapis.com",
            "timeouts": null
          },
          "sensitive_attributes": [],
          "private": "eyJlMmJmYjczMC1lY2FhLTExZTYtOGY4OC0zNDM2M2JjN2M0YzAiOnsiY3JlYXRlIjoxMjAwMDAwMDAwMDAwLCJkZWxldGUiOjEyMDAwMDAwMDAwMDAsInJlYWQiOjYwMDAwMDAwMDAwMCwidXBkYXRlIjoxMjAwMDAwMDAwMDAwfX0="
        },
        {
          "index_key": "firebaserules.googleapis.com",
          "schema_version": 0,
          "attributes": {
            "check_if_service_has_usage_on_destroy": false,
            "disable_dependent_services": null,
            "disable_on_destroy": false,
            "id": "sample-firebase-ai-app-5443a/firebaserules.googleapis.com",
            "project": "sample-firebase-ai-app-5443a",
            "service": "firebaserules.googleapis.com",
            "timeouts": null
          },
          "sensitive_attributes": [],
          "private": "eyJlMmJmYjczMC1lY2FhLTExZTYtOGY4OC0zNDM2M2JjN2M0YzAiOnsiY3JlYXRlIjoxMjAwMDAwMDAwMDAwLCJkZWxldGUiOjEyMDAwMDAwMDAwMDAsInJlYWQiOjYwMDAwMDAwMDAwMCwidXBkYXRlIjoxMjAwMDAwMDAwMDAwfX0="
        },
        {
          "index_key": "firestore.googleapis.com",
          "schema_version": 0,
          "attributes": {
            "check_if_service_has_usage_on_destroy": false,
            "disable_dependent_services": null,
            "disable_on_destroy": false,
            "id": "sample-firebase-ai-app-5443a/firestore.googleapis.com",
            "project": "sample-firebase-ai-app-5443a",
            "service": "firestore.googleapis.com",
            "timeouts": null
          },
          "sensitive_attributes": [],
          "private": "eyJlMmJmYjczMC1lY2FhLTExZTYtOGY4OC0zNDM2M2JjN2M0YzAiOnsiY3JlYXRlIjoxMjAwMDAwMDAwMDAwLCJkZWxldGUiOjEyMDAwMDAwMDAwMDAsInJlYWQiOjYwMDAwMDAwMDAwMCwidXBkYXRlIjoxMjAwMDAwMDAwMDAwfX0="
        },
        {
          "index_key": "generativelanguage.googleapis.com",
          "schema_version": 0,
          "attributes": {
            "check_if_service_has_usage_on_destroy": false,
            "disable_dependent_services": null,
            "disable_on_destroy": false,
            "id": "sample-firebase-ai-app-5443a/generativelanguage.googleapis.com",
            "project": "sample-firebase-ai-app-5443a",
            "service": "generativelanguage.googleapis.com",
            "timeouts": null
          },
          "sensitive_attributes": [],
          "private": "eyJlMmJmYjczMC1lY2FhLTExZTYtOGY4OC0zNDM2M2JjN2M0YzAiOnsiY3JlYXRlIjoxMjAwMDAwMDAwMDAwLCJkZWxldGUiOjEyMDAwMDAwMDAwMDAsInJlYWQiOjYwMDAwMDAwMDAwMCwidXBkYXRlIjoxMjAwMDAwMDAwMDAwfX0="
        },
        {
          "index_key": "serviceusage.googleapis.com",
          "schema_version": 0,
          "attributes": {
            "check_if_service_has_usage_on_destroy": false,
            "disable_dependent_services": null,
            "disable_on_destroy": false,
            "id": "sample-firebase-ai-app-5443a/serviceusage.googleapis.com",
            "project": "sample-firebase-ai-app-5443a",
            "service": "serviceusage.googleapis.com",
            "timeouts": null
          },
          "sensitive_attributes": [],
          "private": "eyJlMmJmYjczMC1lY2FhLTExZTYtOGY4OC0zNDM2M2JjN2M0YzAiOnsiY3JlYXRlIjoxMjAwMDAwMDAwMDAwLCJkZWxldGUiOjEyMDAwMDAwMDAwMDAsInJlYWQiOjYwMDAwMDAwMDAwMCwidXBkYXRlIjoxMjAwMDAwMDAwMDAwfX0="
        }
      ]
    },
    {
      "mode": "managed",
      "type": "google_service_usage_consumer_quota_override",
      "name": "generativelanguage",
      "provider": "provider[\"registry.terraform.io/hashicorp/google-beta\"]",
      "instances": [
        {
          "schema_version": 0,
          "attributes": {
            "dimensions": null,
            "force": true,
            "id": "projects/sample-firebase-ai-app-5443a/services/generativelanguage.googleapis.com/consumerQuotaMetrics/generativelanguage.googleapis.com%2Fgenerate_requests_per_model/limits/%2Fmin%2Fmodel%2Fproject/consumerOverrides/Cg1RdW90YU92ZXJyaWRl",
            "limit": "%2Fmin%2Fmodel%2Fproject",
            "metric": "generativelanguage.googleapis.com%2Fgenerate_requests_per_model",
            "name": "Cg1RdW90YU92ZXJyaWRl",
            "override_value": "10",
            "project": "sample-firebase-ai-app-5443a",
            "service": "generativelanguage.googleapis.com",
            "timeouts": null
          },
          "sensitive_attributes": [],
          "private": "eyJlMmJmYjczMC1lY2FhLTExZTYtOGY4OC0zNDM2M2JjN2M0YzAiOnsiY3JlYXRlIjoxMjAwMDAwMDAwMDAwLCJkZWxldGUiOjEyMDAwMDAwMDAwMDAsInVwZGF0ZSI6MTIwMDAwMDAwMDAwMH19",
          "dependencies": [
            "google_project_service.services"
          ]
        }
      ]
    },
    {
      "mode": "managed",
      "type": "local_file",
      "name": "environment_ts",
      "provider": "provider[\"registry.terraform.io/hashicorp/local\"]",
      "instances": [
        {
          "schema_version": 0,
          "attributes": {
            "content": "export const environment = {\n  firebase: {\n      apiKey: 'AIzaSyC0-2JWRijFQmm3EMlxZ0yVrJkduqIgySM',\n      authDomain: 'sample-firebase-ai-app-5443a.firebaseapp.com',\n      databaseURL: '',\n      projectId: 'sample-firebase-ai-app-5443a',\n      storageBucket: 'sample-firebase-ai-app-5443a.appspot.com',\n      messagingSenderId: '867561548959',\n      appId: '1:867561548959:web:68927de5ba46f659bb46aa',\n      measurementId: '',\n  },\n  gemini_api_key: 'AIzaSyDzFnCnlEHeZkn4c0qL4KbcRnlbOPsq3_o',\n  debug_token: ''\n};",
            "content_base64": null,
            "content_base64sha256": "IKU5ulUiAwZLuUhxl5sRTvzZXm0AFQOTt8AUtUGU7YE=",
            "content_base64sha512": "hm5/08PxU4k+bYvOCQodQjdcAoNco15zvAiWpgSNgCWPXjQd+L56zW53uoctojV6gl3LbGLBlFMVkfuUeTrLUg==",
            "content_md5": "56c69c2bd20e00dee9ad5f47fe5f9693",
            "content_sha1": "98172ef1105bbf5104c16a7de653d37b3634670f",
            "content_sha256": "20a539ba552203064bb94871979b114efcd95e6d00150393b7c014b54194ed81",
            "content_sha512": "866e7fd3c3f153893e6d8bce090a1d42375c02835ca35e73bc0896a6048d80258f5e341df8be7acd6e77ba872da2357a825dcb6c62c194531591fb94793acb52",
            "directory_permission": "0777",
            "file_permission": "0777",
            "filename": "./src/environments/environments.ts",
            "id": "98172ef1105bbf5104c16a7de653d37b3634670f",
            "sensitive_content": null,
            "source": null
          },
          "sensitive_attributes": [
            [
              {
                "type": "get_attr",
                "value": "content"
              }
            ]
          ],
          "dependencies": [
            "data.google_firebase_web_app_config.example",
            "data.google_project.project",
            "google_apikeys_key.generativelanguage",
            "google_firebase_web_app.example",
            "google_project_service.services"
          ]
        }
      ]
    },
    {
      "mode": "managed",
      "type": "local_file",
      "name": "firebaserc",
      "provider": "provider[\"registry.terraform.io/hashicorp/local\"]",
      "instances": [
        {
          "schema_version": 0,
          "attributes": {
            "content": "{\"projects\":{\"default\":\"sample-firebase-ai-app-5443a\"}}",
            "content_base64": null,
            "content_base64sha256": "zgcyLO8q01NbffsXQtq/X7n/0534frZExWWr8apNoQE=",
            "content_base64sha512": "TX00EkxK81bArXEvj1Nt72HvMenTSwXa7LG1gG3XUjtT7jyOjazfA3LhiGwvcJMaExYdDBdJbuSK9MTg3Znbkg==",
            "content_md5": "da5c39408ec561aa0bde40c2f890fe2c",
            "content_sha1": "4f37b6b8f6565bc2e786738200de4e990adaf5b1",
            "content_sha256": "ce07322cef2ad3535b7dfb1742dabf5fb9ffd39df87eb644c565abf1aa4da101",
            "content_sha512": "4d7d34124c4af356c0ad712f8f536def61ef31e9d34b05daecb1b5806dd7523b53ee3c8e8dacdf0372e1886c2f70931a13161d0c17496ee48af4c4e0dd99db92",
            "directory_permission": "0777",
            "file_permission": "0777",
            "filename": "./.firebaserc",
            "id": "4f37b6b8f6565bc2e786738200de4e990adaf5b1",
            "sensitive_content": null,
            "source": null
          },
          "sensitive_attributes": []
        }
      ]
    },
    {
      "mode": "managed",
      "type": "local_file",
      "name": "firestore_rules",
      "provider": "provider[\"registry.terraform.io/hashicorp/local\"]",
      "instances": [
        {
          "schema_version": 0,
          "attributes": {
            "content": "service cloud.firestore {\n  match /databases/{database}/documents/{document=**} {\n    allow read, write: if request.auth != null \u0026\u0026 request.time \u003c timestamp.date(2024, 10, 16);\n  }\n}\n",
            "content_base64": null,
            "content_base64sha256": "K3vOL15k/6CjVc4sb7yUrTY1G1caENulN7B/Db3HT6w=",
            "content_base64sha512": "BJxy59bxvGjFUZF4f9vK0CqGGGy4c5i8g9EFDflnzKJnapi2Qmcdojoj9HN4m3/1MzYtiZdUKMNy9TWOYwaGsg==",
            "content_md5": "a9839f964680cb6ccf6241eac043db44",
            "content_sha1": "3bfb8b514df64af645b3daef2eceea58f779006c",
            "content_sha256": "2b7bce2f5e64ffa0a355ce2c6fbc94ad36351b571a10dba537b07f0dbdc74fac",
            "content_sha512": "049c72e7d6f1bc68c55191787fdbcad02a86186cb87398bc83d1050df967cca2676a98b642671da23a23f473789b7ff533362d89975428c372f5358e630686b2",
            "directory_permission": "0777",
            "file_permission": "0777",
            "filename": "./firestore.rules",
            "id": "3bfb8b514df64af645b3daef2eceea58f779006c",
            "sensitive_content": null,
            "source": null
          },
          "sensitive_attributes": []
        }
      ]
    }
  ],
  "check_results": null
}
